{
    "name": "webpack-typescript",
    "version": "1.0.0",
    "lockfileVersion": 1,
    "requires": true,
    "dependencies": {
        "ajv": {
            "version": "6.12.6",
            "resolved": "https://registry.npmjs.org/ajv/-/ajv-6.12.6.tgz",
            "integrity": "sha512-j3fVLgvTo527anyYyJOGTYJbG+vnnQYvE0m5mmkc1TK+nxAppkCLMIL0aZ4dblVCNoGShhm+kzE4ZUykBoMg4g==",
            "dev": true,
            "requires": {
                "fast-deep-equal": "^3.1.1",
                "fast-json-stable-stringify": "^2.0.0",
                "json-schema-traverse": "^0.4.1",
                "uri-js": "^4.2.2"
            }
        },
        "any-promise": {
            "version": "1.3.0",
            "resolved": "https://registry.npmjs.org/any-promise/-/any-promise-1.3.0.tgz",
            "integrity": "sha1-q8av7tzqUugJzcA3au0845Y10X8=",
            "dev": true
        },
        "asn1": {
            "version": "0.2.6",
            "resolved": "https://registry.npmjs.org/asn1/-/asn1-0.2.6.tgz",
            "integrity": "sha512-ix/FxPn0MDjeyJ7i/yoHGFt/EX6LyNbxSEhPPXODPL+KB0VPk86UYfL0lMdy+KCnv+fmvIzySwaK5COwqVbWTQ==",
            "dev": true,
            "requires": {
                "safer-buffer": "~2.1.0"
            }
        },
        "assert-plus": {
            "version": "1.0.0",
            "resolved": "https://registry.npmjs.org/assert-plus/-/assert-plus-1.0.0.tgz",
            "integrity": "sha1-8S4PPF13sLHN2RRpQuTpbB5N1SU=",
            "dev": true
        },
        "async": {
            "version": "0.9.2",
            "resolved": "https://registry.npmjs.org/async/-/async-0.9.2.tgz",
            "integrity": "sha1-rqdNXmHB+JlhO/ZL2mbUx48v0X0=",
            "dev": true
        },
        "asynckit": {
            "version": "0.4.0",
            "resolved": "https://registry.npmjs.org/asynckit/-/asynckit-0.4.0.tgz",
            "integrity": "sha1-x57Zf380y48robyXkLzDZkdLS3k=",
            "dev": true
        },
        "aws-sign2": {
            "version": "0.7.0",
            "resolved": "https://registry.npmjs.org/aws-sign2/-/aws-sign2-0.7.0.tgz",
            "integrity": "sha1-tG6JCTSpWR8tL2+G1+ap8bP+dqg=",
            "dev": true
        },
        "aws4": {
            "version": "1.11.0",
            "resolved": "https://registry.npmjs.org/aws4/-/aws4-1.11.0.tgz",
            "integrity": "sha512-xh1Rl34h6Fi1DC2WWKfxUTVqRsNnr6LsKz2+hfwDxQJWmrx8+c7ylaqBMcHfl1U1r2dsifOvKX3LQuLNZ+XSvA==",
            "dev": true
        },
        "balanced-match": {
            "version": "1.0.2",
            "resolved": "https://registry.npmjs.org/balanced-match/-/balanced-match-1.0.2.tgz",
            "integrity": "sha512-3oSeUO0TMV67hN1AmbXsK4yaqU7tjiHlbxRDZOpH0KW9+CeX4bRAaX0Anxt0tx2MrpRpWwQaPwIlISEJhYU5Pw==",
            "dev": true
        },
        "bcrypt-pbkdf": {
            "version": "1.0.2",
            "resolved": "https://registry.npmjs.org/bcrypt-pbkdf/-/bcrypt-pbkdf-1.0.2.tgz",
            "integrity": "sha1-pDAdOJtqQ/m2f/PKEaP2Y342Dp4=",
            "dev": true,
            "requires": {
                "tweetnacl": "^0.14.3"
            }
        },
        "big.js": {
            "version": "5.2.2",
            "resolved": "https://registry.npmjs.org/big.js/-/big.js-5.2.2.tgz",
            "integrity": "sha512-vyL2OymJxmarO8gxMr0mhChsO9QGwhynfuu4+MHTAW6czfq9humCB7rKpUjDd9YUiDPU4mzpyupFSvOClAwbmQ==",
            "dev": true
        },
        "bin-pack": {
            "version": "1.0.2",
            "resolved": "https://registry.npmjs.org/bin-pack/-/bin-pack-1.0.2.tgz",
            "integrity": "sha1-wqAU7b8L7XCjKSBi7UZXe5YSBnk=",
            "dev": true
        },
        "brace-expansion": {
            "version": "1.1.11",
            "resolved": "https://registry.npmjs.org/brace-expansion/-/brace-expansion-1.1.11.tgz",
            "integrity": "sha512-iCuPHDFgrHX7H2vEI/5xpz07zSHB00TpugqhmYtVmMO6518mCuRMoOYFldEBl0g187ufozdaHgWKcYFb61qGiA==",
            "dev": true,
            "requires": {
                "balanced-match": "^1.0.0",
                "concat-map": "0.0.1"
            }
        },
        "caseless": {
            "version": "0.12.0",
            "resolved": "https://registry.npmjs.org/caseless/-/caseless-0.12.0.tgz",
            "integrity": "sha1-G2gcIf+EAzyCZUMJBolCDRhxUdw=",
            "dev": true
        },
        "clone": {
            "version": "1.0.4",
            "resolved": "https://registry.npmjs.org/clone/-/clone-1.0.4.tgz",
            "integrity": "sha1-2jCcwmPfFZlMaIypAheco8fNfH4=",
            "dev": true
        },
        "clone-stats": {
            "version": "0.0.1",
            "resolved": "https://registry.npmjs.org/clone-stats/-/clone-stats-0.0.1.tgz",
            "integrity": "sha1-uI+UqCzzi4eR1YBG6kAprYjKmdE=",
            "dev": true
        },
        "combined-stream": {
            "version": "1.0.8",
            "resolved": "https://registry.npmjs.org/combined-stream/-/combined-stream-1.0.8.tgz",
            "integrity": "sha512-FQN4MRfuJeHf7cBbBMJFXhKSDq+2kAArBlmRBvcvFE5BB1HZKXtSFASDhdlz9zOYwxh8lDdnvmMOe/+5cdoEdg==",
            "dev": true,
            "requires": {
                "delayed-stream": "~1.0.0"
            }
        },
        "concat-map": {
            "version": "0.0.1",
            "resolved": "https://registry.npmjs.org/concat-map/-/concat-map-0.0.1.tgz",
            "integrity": "sha1-2Klr13/Wjfd5OnMDajug1UBdR3s=",
            "dev": true
        },
        "concat-stream": {
            "version": "1.5.2",
            "resolved": "https://registry.npmjs.org/concat-stream/-/concat-stream-1.5.2.tgz",
            "integrity": "sha1-cIl4Yk2FavQaWnQd790mHadSwmY=",
            "dev": true,
            "requires": {
                "inherits": "~2.0.1",
                "readable-stream": "~2.0.0",
                "typedarray": "~0.0.5"
            }
        },
        "contentstream": {
            "version": "1.0.0",
            "resolved": "https://registry.npmjs.org/contentstream/-/contentstream-1.0.0.tgz",
            "integrity": "sha1-C9z6RtowRkqGzo+n7OVlQQ3G+aU=",
            "dev": true,
            "requires": {
                "readable-stream": "~1.0.33-1"
            },
            "dependencies": {
                "isarray": {
                    "version": "0.0.1",
                    "resolved": "https://registry.npmjs.org/isarray/-/isarray-0.0.1.tgz",
                    "integrity": "sha1-ihis/Kmo9Bd+Cav8YDiTmwXR7t8=",
                    "dev": true
                },
                "readable-stream": {
                    "version": "1.0.34",
                    "resolved": "https://registry.npmjs.org/readable-stream/-/readable-stream-1.0.34.tgz",
                    "integrity": "sha1-Elgg40vIQtLyqq+v5MKRbuMsFXw=",
                    "dev": true,
                    "requires": {
                        "core-util-is": "~1.0.0",
                        "inherits": "~2.0.1",
                        "isarray": "0.0.1",
                        "string_decoder": "~0.10.x"
                    }
                }
            }
        },
        "core-util-is": {
            "version": "1.0.3",
            "resolved": "https://registry.npmjs.org/core-util-is/-/core-util-is-1.0.3.tgz",
            "integrity": "sha512-ZQBvi1DcpJ4GDqanjucZ2Hj3wEO5pZDS89BWbkcrvdxksJorwUDDZamX9ldFkp9aw2lmBDLgkObEA4DWNJ9FYQ==",
            "dev": true
        },
        "cwise-compiler": {
            "version": "1.1.3",
            "resolved": "https://registry.npmjs.org/cwise-compiler/-/cwise-compiler-1.1.3.tgz",
            "integrity": "sha1-9NZnQQ6FDToxOn0tt7HlBbsDTMU=",
            "dev": true,
            "requires": {
                "uniq": "^1.0.0"
            }
        },
        "dashdash": {
            "version": "1.14.1",
            "resolved": "https://registry.npmjs.org/dashdash/-/dashdash-1.14.1.tgz",
            "integrity": "sha1-hTz6D3y+L+1d4gMmuN1YEDX24vA=",
            "dev": true,
            "requires": {
                "assert-plus": "^1.0.0"
            }
        },
        "data-uri-to-buffer": {
            "version": "0.0.3",
            "resolved": "https://registry.npmjs.org/data-uri-to-buffer/-/data-uri-to-buffer-0.0.3.tgz",
            "integrity": "sha1-GK6XmmoMqZSwYlhTkW0mYruuCxo=",
            "dev": true
        },
        "debug": {
            "version": "4.3.3",
            "resolved": "https://registry.npmjs.org/debug/-/debug-4.3.3.tgz",
            "integrity": "sha512-/zxw5+vh1Tfv+4Qn7a5nsbcJKPaSvCDhojn6FEl9vupwK2VCSDtEiEtqr8DFtzYFOdz63LBkxec7DYuc2jon6Q==",
            "dev": true,
            "requires": {
                "ms": "2.1.2"
            }
        },
        "delayed-stream": {
            "version": "1.0.0",
            "resolved": "https://registry.npmjs.org/delayed-stream/-/delayed-stream-1.0.0.tgz",
            "integrity": "sha1-3zrhmayt+31ECqrgsp4icrJOxhk=",
            "dev": true
        },
        "ecc-jsbn": {
            "version": "0.1.2",
            "resolved": "https://registry.npmjs.org/ecc-jsbn/-/ecc-jsbn-0.1.2.tgz",
            "integrity": "sha1-OoOpBOVDUyh4dMVkt1SThoSamMk=",
            "dev": true,
            "requires": {
                "jsbn": "~0.1.0",
                "safer-buffer": "^2.1.0"
            }
        },
        "emojis-list": {
            "version": "3.0.0",
            "resolved": "https://registry.npmjs.org/emojis-list/-/emojis-list-3.0.0.tgz",
            "integrity": "sha512-/kyM18EfinwXZbno9FyUGeFh87KC8HRQBQGildHZbEuRyWFOmv1U10o9BBp8XVZDVNNuQKyIGIu5ZYAAXJ0V2Q==",
            "dev": true
        },
        "extend": {
            "version": "3.0.2",
            "resolved": "https://registry.npmjs.org/extend/-/extend-3.0.2.tgz",
            "integrity": "sha512-fjquC59cD7CyW6urNXK0FBufkZcoiGG80wTuPujX590cB5Ttln20E2UB4S/WARVqhXffZl2LNgS+gQdPIIim/g==",
            "dev": true
        },
        "extsprintf": {
            "version": "1.3.0",
            "resolved": "https://registry.npmjs.org/extsprintf/-/extsprintf-1.3.0.tgz",
            "integrity": "sha1-lpGEQOMEGnpBT4xS48V06zw+HgU=",
            "dev": true
        },
        "fast-deep-equal": {
            "version": "3.1.3",
            "resolved": "https://registry.npmjs.org/fast-deep-equal/-/fast-deep-equal-3.1.3.tgz",
            "integrity": "sha512-f3qQ9oQy9j2AhBe/H9VC91wLmKBCCU/gDOnKNAYG5hswO7BLKj09Hc5HYNz9cGI++xlpDCIgDaitVs03ATR84Q==",
            "dev": true
        },
        "fast-json-stable-stringify": {
            "version": "2.1.0",
            "resolved": "https://registry.npmjs.org/fast-json-stable-stringify/-/fast-json-stable-stringify-2.1.0.tgz",
            "integrity": "sha512-lhd/wF+Lk98HZoTCtlVraHtfh5XYijIjalXck7saUtuanSDyLMxnHhSXEDJqHxD7msR8D0uCmqlkwjCV8xvwHw==",
            "dev": true
        },
        "first-chunk-stream": {
            "version": "1.0.0",
            "resolved": "https://registry.npmjs.org/first-chunk-stream/-/first-chunk-stream-1.0.0.tgz",
            "integrity": "sha1-Wb+1DNkF9g18OUzT2ayqtOatk04=",
            "dev": true
        },
        "forever-agent": {
            "version": "0.6.1",
            "resolved": "https://registry.npmjs.org/forever-agent/-/forever-agent-0.6.1.tgz",
            "integrity": "sha1-+8cfDEGt6zf5bFd60e1C2P2sypE=",
            "dev": true
        },
        "form-data": {
            "version": "2.3.3",
            "resolved": "https://registry.npmjs.org/form-data/-/form-data-2.3.3.tgz",
            "integrity": "sha512-1lLKB2Mu3aGP1Q/2eCOx0fNbRMe7XdwktwOruhfqqd0rIJWwN4Dh+E3hrPSlDCXnSR7UtZ1N38rVXm+6+MEhJQ==",
            "dev": true,
            "requires": {
                "asynckit": "^0.4.0",
                "combined-stream": "^1.0.6",
                "mime-types": "^2.1.12"
            }
        },
        "fs.realpath": {
            "version": "1.0.0",
            "resolved": "https://registry.npmjs.org/fs.realpath/-/fs.realpath-1.0.0.tgz",
            "integrity": "sha1-FQStJSMVjKpA20onh8sBQRmU6k8=",
            "dev": true
        },
        "gaze": {
            "version": "1.1.3",
            "resolved": "https://registry.npmjs.org/gaze/-/gaze-1.1.3.tgz",
            "integrity": "sha512-BRdNm8hbWzFzWHERTrejLqwHDfS4GibPoq5wjTPIoJHoBtKGPg3xAFfxmM+9ztbXelxcf2hwQcaz1PtmFeue8g==",
            "dev": true,
            "requires": {
                "globule": "^1.0.0"
            }
        },
        "get-pixels": {
            "version": "3.3.3",
            "resolved": "https://registry.npmjs.org/get-pixels/-/get-pixels-3.3.3.tgz",
            "integrity": "sha512-5kyGBn90i9tSMUVHTqkgCHsoWoR+/lGbl4yC83Gefyr0HLIhgSWEx/2F/3YgsZ7UpYNuM6pDhDK7zebrUJ5nXg==",
            "dev": true,
            "requires": {
                "data-uri-to-buffer": "0.0.3",
                "jpeg-js": "^0.4.1",
                "mime-types": "^2.0.1",
                "ndarray": "^1.0.13",
                "ndarray-pack": "^1.1.1",
                "node-bitmap": "0.0.1",
                "omggif": "^1.0.5",
                "parse-data-uri": "^0.2.0",
                "pngjs": "^3.3.3",
                "request": "^2.44.0",
                "through": "^2.3.4"
            }
        },
        "getpass": {
            "version": "0.1.7",
            "resolved": "https://registry.npmjs.org/getpass/-/getpass-0.1.7.tgz",
            "integrity": "sha1-Xv+OPmhNVprkyysSgmBOi6YhSfo=",
            "dev": true,
            "requires": {
                "assert-plus": "^1.0.0"
            }
        },
        "gif-encoder": {
            "version": "0.4.3",
            "resolved": "https://registry.npmjs.org/gif-encoder/-/gif-encoder-0.4.3.tgz",
            "integrity": "sha1-iitP6MqJWkjjoLbLs0CgpqNXGJk=",
            "dev": true,
            "requires": {
                "readable-stream": "~1.1.9"
            },
            "dependencies": {
                "isarray": {
                    "version": "0.0.1",
                    "resolved": "https://registry.npmjs.org/isarray/-/isarray-0.0.1.tgz",
                    "integrity": "sha1-ihis/Kmo9Bd+Cav8YDiTmwXR7t8=",
                    "dev": true
                },
                "readable-stream": {
                    "version": "1.1.14",
                    "resolved": "https://registry.npmjs.org/readable-stream/-/readable-stream-1.1.14.tgz",
                    "integrity": "sha1-fPTFTvZI44EwhMY23SB54WbAgdk=",
                    "dev": true,
                    "requires": {
                        "core-util-is": "~1.0.0",
                        "inherits": "~2.0.1",
                        "isarray": "0.0.1",
                        "string_decoder": "~0.10.x"
                    }
                }
            }
        },
        "glob": {
            "version": "7.1.7",
            "resolved": "https://registry.npmjs.org/glob/-/glob-7.1.7.tgz",
            "integrity": "sha512-OvD9ENzPLbegENnYP5UUfJIirTg4+XwMWGaQfQTY0JenxNvvIKP3U3/tAQSPIu/lHxXYSZmpXlUHeqAIdKzBLQ==",
            "dev": true,
            "requires": {
                "fs.realpath": "^1.0.0",
                "inflight": "^1.0.4",
                "inherits": "2",
                "minimatch": "^3.0.4",
                "once": "^1.3.0",
                "path-is-absolute": "^1.0.0"
            }
        },
        "globule": {
            "version": "1.3.3",
            "resolved": "https://registry.npmjs.org/globule/-/globule-1.3.3.tgz",
            "integrity": "sha512-mb1aYtDbIjTu4ShMB85m3UzjX9BVKe9WCzsnfMSZk+K5GpIbBOexgg4PPCt5eHDEG5/ZQAUX2Kct02zfiPLsKg==",
            "dev": true,
            "requires": {
                "glob": "~7.1.1",
                "lodash": "~4.17.10",
                "minimatch": "~3.0.2"
            }
        },
        "graceful-fs": {
            "version": "4.2.8",
            "resolved": "https://registry.npmjs.org/graceful-fs/-/graceful-fs-4.2.8.tgz",
            "integrity": "sha512-qkIilPUYcNhJpd33n0GBXTB1MMPp14TxEsEs0pTrsSVucApsYzW5V+Q8Qxhik6KU3evy+qkAAowTByymK0avdg==",
            "dev": true
        },
        "handlebars": {
            "version": "4.7.7",
            "resolved": "https://registry.npmjs.org/handlebars/-/handlebars-4.7.7.tgz",
            "integrity": "sha512-aAcXm5OAfE/8IXkcZvCepKU3VzW1/39Fb5ZuqMtgI/hT8X2YgoMvBY5dLhq/cpOvw7Lk1nK/UF71aLG/ZnVYRA==",
            "dev": true,
            "requires": {
                "minimist": "^1.2.5",
                "neo-async": "^2.6.0",
                "source-map": "^0.6.1",
                "uglify-js": "^3.1.4",
                "wordwrap": "^1.0.0"
            }
        },
        "handlebars-layouts": {
            "version": "3.1.4",
            "resolved": "https://registry.npmjs.org/handlebars-layouts/-/handlebars-layouts-3.1.4.tgz",
            "integrity": "sha1-JrO+uTG0uHffv35v6vQFjuYiiwI=",
            "dev": true
        },
        "har-schema": {
            "version": "2.0.0",
            "resolved": "https://registry.npmjs.org/har-schema/-/har-schema-2.0.0.tgz",
            "integrity": "sha1-qUwiJOvKwEeCoNkDVSHyRzW37JI=",
            "dev": true
        },
        "har-validator": {
            "version": "5.1.5",
            "resolved": "https://registry.npmjs.org/har-validator/-/har-validator-5.1.5.tgz",
            "integrity": "sha512-nmT2T0lljbxdQZfspsno9hgrG3Uir6Ks5afism62poxqBM6sDnMEuPmzTq8XN0OEwqKLLdh1jQI3qyE66Nzb3w==",
            "dev": true,
            "requires": {
                "ajv": "^6.12.3",
                "har-schema": "^2.0.0"
            }
        },
        "http-signature": {
            "version": "1.2.0",
            "resolved": "https://registry.npmjs.org/http-signature/-/http-signature-1.2.0.tgz",
            "integrity": "sha1-muzZJRFHcvPZW2WmCruPfBj7rOE=",
            "dev": true,
            "requires": {
                "assert-plus": "^1.0.0",
                "jsprim": "^1.2.2",
                "sshpk": "^1.7.0"
            }
        },
        "inflight": {
            "version": "1.0.6",
            "resolved": "https://registry.npmjs.org/inflight/-/inflight-1.0.6.tgz",
            "integrity": "sha1-Sb1jMdfQLQwJvJEKEHW6gWW1bfk=",
            "dev": true,
            "requires": {
                "once": "^1.3.0",
                "wrappy": "1"
            }
        },
        "inherits": {
            "version": "2.0.4",
            "resolved": "https://registry.npmjs.org/inherits/-/inherits-2.0.4.tgz",
            "integrity": "sha512-k/vGaX4/Yla3WzyMCvTQOXYeIHvqOKtnqBduzTHpzpQZzAskKMhZ2K+EnBiSM9zGSoIFeMpXKxa4dYeZIQqewQ==",
            "dev": true
        },
        "iota-array": {
            "version": "1.0.0",
            "resolved": "https://registry.npmjs.org/iota-array/-/iota-array-1.0.0.tgz",
            "integrity": "sha1-ge9X/l0FgUzVjCSDYyqZwwoOgIc=",
            "dev": true
        },
        "is-buffer": {
            "version": "1.1.6",
            "resolved": "https://registry.npmjs.org/is-buffer/-/is-buffer-1.1.6.tgz",
            "integrity": "sha512-NcdALwpXkTm5Zvvbk7owOUSvVvBKDgKP5/ewfXEznmQFfs4ZRmanOeKBTjRVjka3QFoN6XJ+9F3USqfHqTaU5w==",
            "dev": true
        },
        "is-typedarray": {
            "version": "1.0.0",
            "resolved": "https://registry.npmjs.org/is-typedarray/-/is-typedarray-1.0.0.tgz",
            "integrity": "sha1-5HnICFjfDBsR3dppQPlgEfzaSpo=",
            "dev": true
        },
        "is-utf8": {
            "version": "0.2.1",
            "resolved": "https://registry.npmjs.org/is-utf8/-/is-utf8-0.2.1.tgz",
            "integrity": "sha1-Sw2hRCEE0bM2NA6AeX6GXPOffXI=",
            "dev": true
        },
        "isarray": {
            "version": "1.0.0",
            "resolved": "https://registry.npmjs.org/isarray/-/isarray-1.0.0.tgz",
            "integrity": "sha1-u5NdSFgsuhaMBoNJV6VKPgcSTxE=",
            "dev": true
        },
        "isstream": {
            "version": "0.1.2",
            "resolved": "https://registry.npmjs.org/isstream/-/isstream-0.1.2.tgz",
            "integrity": "sha1-R+Y/evVa+m+S4VAOaQ64uFKcCZo=",
            "dev": true
        },
        "jpeg-js": {
            "version": "0.4.3",
            "resolved": "https://registry.npmjs.org/jpeg-js/-/jpeg-js-0.4.3.tgz",
            "integrity": "sha512-ru1HWKek8octvUHFHvE5ZzQ1yAsJmIvRdGWvSoKV52XKyuyYA437QWDttXT8eZXDSbuMpHlLzPDZUPd6idIz+Q==",
            "dev": true
        },
        "jsbn": {
            "version": "0.1.1",
            "resolved": "https://registry.npmjs.org/jsbn/-/jsbn-0.1.1.tgz",
            "integrity": "sha1-peZUwuWi3rXyAdls77yoDA7y9RM=",
            "dev": true
        },
        "json-content-demux": {
            "version": "0.1.4",
            "resolved": "https://registry.npmjs.org/json-content-demux/-/json-content-demux-0.1.4.tgz",
            "integrity": "sha512-3GqPH2O0+8qBMTa1YTuL+7L24YJYNDjdXfa798y9S6GetScZAY2iAOGCdFkEPZJZdafPKv8ZUnp18VCCPTs0Nw==",
            "dev": true
        },
        "json-schema": {
            "version": "0.4.0",
            "resolved": "https://registry.npmjs.org/json-schema/-/json-schema-0.4.0.tgz",
            "integrity": "sha512-es94M3nTIfsEPisRafak+HDLfHXnKBhV3vU5eqPcS3flIWqcxJWgXHXiey3YrpaNsanY5ei1VoYEbOzijuq9BA==",
            "dev": true
        },
        "json-schema-traverse": {
            "version": "0.4.1",
            "resolved": "https://registry.npmjs.org/json-schema-traverse/-/json-schema-traverse-0.4.1.tgz",
            "integrity": "sha512-xbbCH5dCYU5T8LcEhhuh7HJ88HXuW3qsI3Y0zOZFKfZEHcpWiHU/Jxzk629Brsab/mMiHQti9wMP+845RPe3Vg==",
            "dev": true
        },
        "json-stringify-safe": {
            "version": "5.0.1",
            "resolved": "https://registry.npmjs.org/json-stringify-safe/-/json-stringify-safe-5.0.1.tgz",
            "integrity": "sha1-Epai1Y/UXxmg9s4B1lcB4sc1tus=",
            "dev": true
        },
        "json5": {
            "version": "1.0.1",
            "resolved": "https://registry.npmjs.org/json5/-/json5-1.0.1.tgz",
            "integrity": "sha512-aKS4WQjPenRxiQsC93MNfjx+nbF4PAdYzmd/1JIj8HYzqfbu86beTuNgXDzPknWk0n0uARlyewZo4s++ES36Ow==",
            "dev": true,
            "requires": {
                "minimist": "^1.2.0"
            }
        },
        "jsprim": {
            "version": "1.4.2",
            "resolved": "https://registry.npmjs.org/jsprim/-/jsprim-1.4.2.tgz",
            "integrity": "sha512-P2bSOMAc/ciLz6DzgjVlGJP9+BrJWu5UDGK70C2iweC5QBIeFf0ZXRvGjEj2uYgrY2MkAAhsSWHDWlFtEroZWw==",
            "dev": true,
            "requires": {
                "assert-plus": "1.0.0",
                "extsprintf": "1.3.0",
                "json-schema": "0.4.0",
                "verror": "1.10.0"
            }
        },
        "layout": {
            "version": "2.2.0",
            "resolved": "https://registry.npmjs.org/layout/-/layout-2.2.0.tgz",
            "integrity": "sha1-MeRL/BjdEBmz/7II5AKku/4uavQ=",
            "dev": true,
            "requires": {
                "bin-pack": "~1.0.1"
            }
        },
        "loader-utils": {
            "version": "1.4.0",
            "resolved": "https://registry.npmjs.org/loader-utils/-/loader-utils-1.4.0.tgz",
            "integrity": "sha512-qH0WSMBtn/oHuwjy/NucEgbx5dbxxnxup9s4PVXJUDHZBQY+s0NWA9rJf53RBnQZxfch7euUui7hpoAPvALZdA==",
            "dev": true,
            "requires": {
                "big.js": "^5.2.2",
                "emojis-list": "^3.0.0",
                "json5": "^1.0.1"
            }
        },
        "lodash": {
            "version": "4.17.21",
            "resolved": "https://registry.npmjs.org/lodash/-/lodash-4.17.21.tgz",
            "integrity": "sha512-v2kDEe57lecTulaDIuNTPy3Ry4gLGJ6Z1O3vE1krgXZNrsQ+LFTGHVxVjcXPs17LhbZVGedAJv8XZ1tvj5FvSg==",
            "dev": true
        },
        "mime-db": {
            "version": "1.51.0",
            "resolved": "https://registry.npmjs.org/mime-db/-/mime-db-1.51.0.tgz",
            "integrity": "sha512-5y8A56jg7XVQx2mbv1lu49NR4dokRnhZYTtL+KGfaa27uq4pSTXkwQkFJl4pkRMyNFz/EtYDSkiiEHx3F7UN6g==",
            "dev": true
        },
        "mime-types": {
            "version": "2.1.34",
            "resolved": "https://registry.npmjs.org/mime-types/-/mime-types-2.1.34.tgz",
            "integrity": "sha512-6cP692WwGIs9XXdOO4++N+7qjqv0rqxxVvJ3VHPh/Sc9mVZcQP+ZGhkKiTvWMQRr2tbHkJP/Yn7Y0npb3ZBs4A==",
            "dev": true,
            "requires": {
                "mime-db": "1.51.0"
            }
        },
        "minimatch": {
            "version": "3.0.4",
            "resolved": "https://registry.npmjs.org/minimatch/-/minimatch-3.0.4.tgz",
            "integrity": "sha512-yJHVQEhyqPLUTgt9B83PXu6W3rx4MvvHvSUvToogpwoGDOUQ+yDrR0HRot+yOCdCO7u4hX3pWft6kWBBcqh0UA==",
            "dev": true,
            "requires": {
                "brace-expansion": "^1.1.7"
            }
        },
        "minimist": {
            "version": "1.2.5",
            "resolved": "https://registry.npmjs.org/minimist/-/minimist-1.2.5.tgz",
            "integrity": "sha512-FM9nNUYrRBAELZQT3xeZQ7fmMOBg6nWNmJKTcgsJeaLstP/UODVpGsr5OhXhhXg6f+qtJ8uiZ+PUxkDWcgIXLw==",
            "dev": true
        },
        "mkdirp": {
            "version": "0.5.5",
            "resolved": "https://registry.npmjs.org/mkdirp/-/mkdirp-0.5.5.tgz",
            "integrity": "sha512-NKmAlESf6jMGym1++R0Ra7wvhV+wFW63FaSOFPwRahvea0gMUcGUhVeAg/0BC0wiv9ih5NYPB1Wn1UEI1/L+xQ==",
            "dev": true,
            "requires": {
                "minimist": "^1.2.5"
            }
        },
        "ms": {
            "version": "2.1.2",
            "resolved": "https://registry.npmjs.org/ms/-/ms-2.1.2.tgz",
            "integrity": "sha512-sGkPx+VjMtmA6MX27oA4FBFELFCZZ4S4XqeGOXCv68tT+jb3vk/RyaKWP0PTKyWtmLSM0b+adUTEvbs1PEaH2w==",
            "dev": true
        },
        "mz": {
            "version": "2.7.0",
            "resolved": "https://registry.npmjs.org/mz/-/mz-2.7.0.tgz",
            "integrity": "sha512-z81GNO7nnYMEhrGh9LeymoE4+Yr0Wn5McHIZMK5cfQCl+NDX08sCZgUc9/6MHni9IWuFLm1Z3HTCXu2z9fN62Q==",
            "dev": true,
            "requires": {
                "any-promise": "^1.0.0",
                "object-assign": "^4.0.1",
                "thenify-all": "^1.0.0"
            }
        },
        "ndarray": {
            "version": "1.0.19",
            "resolved": "https://registry.npmjs.org/ndarray/-/ndarray-1.0.19.tgz",
            "integrity": "sha512-B4JHA4vdyZU30ELBw3g7/p9bZupyew5a7tX1Y/gGeF2hafrPaQZhgrGQfsvgfYbgdFZjYwuEcnaobeM/WMW+HQ==",
            "dev": true,
            "requires": {
                "iota-array": "^1.0.0",
                "is-buffer": "^1.0.2"
            }
        },
        "ndarray-ops": {
            "version": "1.2.2",
            "resolved": "https://registry.npmjs.org/ndarray-ops/-/ndarray-ops-1.2.2.tgz",
            "integrity": "sha1-WeiNLDKn7ryxvGkPrhQVeVV6YU4=",
            "dev": true,
            "requires": {
                "cwise-compiler": "^1.0.0"
            }
        },
        "ndarray-pack": {
            "version": "1.2.1",
            "resolved": "https://registry.npmjs.org/ndarray-pack/-/ndarray-pack-1.2.1.tgz",
            "integrity": "sha1-jK6+qqJNXs9w/4YCBjeXfajuWFo=",
            "dev": true,
            "requires": {
                "cwise-compiler": "^1.1.2",
                "ndarray": "^1.0.13"
            }
        },
        "neo-async": {
            "version": "2.6.2",
            "resolved": "https://registry.npmjs.org/neo-async/-/neo-async-2.6.2.tgz",
            "integrity": "sha512-Yd3UES5mWCSqR+qNT93S3UoYUkqAZ9lLg8a7g9rimsWmYGK8cVToA4/sF3RrshdyV3sAGMXVUmpMYOw+dLpOuw==",
            "dev": true
        },
        "node-bitmap": {
            "version": "0.0.1",
            "resolved": "https://registry.npmjs.org/node-bitmap/-/node-bitmap-0.0.1.tgz",
            "integrity": "sha1-GA6scAPgxwdhjvMTaPYvhLKmkJE=",
            "dev": true
        },
        "oauth-sign": {
            "version": "0.9.0",
            "resolved": "https://registry.npmjs.org/oauth-sign/-/oauth-sign-0.9.0.tgz",
            "integrity": "sha512-fexhUFFPTGV8ybAtSIGbV6gOkSv8UtRbDBnAyLQw4QPKkgNlsH2ByPGtMUqdWkos6YCRmAqViwgZrJc/mRDzZQ==",
            "dev": true
        },
        "obj-extend": {
            "version": "0.1.0",
            "resolved": "https://registry.npmjs.org/obj-extend/-/obj-extend-0.1.0.tgz",
            "integrity": "sha1-u0SKR3X7les0p4H5CLusLfI9u1s=",
            "dev": true
        },
        "object-assign": {
            "version": "4.1.1",
            "resolved": "https://registry.npmjs.org/object-assign/-/object-assign-4.1.1.tgz",
            "integrity": "sha1-IQmtx5ZYh8/AXLvUQsrIv7s2CGM=",
            "dev": true
        },
        "omggif": {
            "version": "1.0.10",
            "resolved": "https://registry.npmjs.org/omggif/-/omggif-1.0.10.tgz",
            "integrity": "sha512-LMJTtvgc/nugXj0Vcrrs68Mn2D1r0zf630VNtqtpI1FEO7e+O9FP4gqs9AcnBaSEeoHIPm28u6qgPR0oyEpGSw==",
            "dev": true
        },
        "once": {
            "version": "1.4.0",
            "resolved": "https://registry.npmjs.org/once/-/once-1.4.0.tgz",
            "integrity": "sha1-WDsap3WWHUsROsF9nFC6753Xa9E=",
            "dev": true,
            "requires": {
                "wrappy": "1"
            }
        },
        "parse-data-uri": {
            "version": "0.2.0",
            "resolved": "https://registry.npmjs.org/parse-data-uri/-/parse-data-uri-0.2.0.tgz",
            "integrity": "sha1-vwTYUd1ch7CrI45dAazklLYEtMk=",
            "dev": true,
            "requires": {
                "data-uri-to-buffer": "0.0.3"
            }
        },
        "path-is-absolute": {
            "version": "1.0.1",
            "resolved": "https://registry.npmjs.org/path-is-absolute/-/path-is-absolute-1.0.1.tgz",
            "integrity": "sha1-F0uSaHNVNP+8es5r9TpanhtcX18=",
            "dev": true
        },
        "performance-now": {
            "version": "2.1.0",
            "resolved": "https://registry.npmjs.org/performance-now/-/performance-now-2.1.0.tgz",
            "integrity": "sha1-Ywn04OX6kT7BxpMHrjZLSzd8nns=",
            "dev": true
        },
        "pixelsmith": {
            "version": "2.5.0",
            "resolved": "https://registry.npmjs.org/pixelsmith/-/pixelsmith-2.5.0.tgz",
            "integrity": "sha512-tKl0jsX4sIEoWwOWHIpOdhjqjsVkIJVyWC4uX9CDnF5dGCsZPzu3gnLUTIUgkAoMPaXNwhXirkReWUqIWGppuA==",
            "dev": true,
            "requires": {
                "async": "~0.9.0",
                "concat-stream": "~1.5.1",
                "get-pixels": "~3.3.0",
                "mime-types": "~2.1.7",
                "ndarray": "~1.0.15",
                "obj-extend": "~0.1.0",
                "save-pixels": "~2.3.0",
                "vinyl-file": "~1.3.0"
            }
        },
        "pngjs": {
            "version": "3.4.0",
            "resolved": "https://registry.npmjs.org/pngjs/-/pngjs-3.4.0.tgz",
            "integrity": "sha512-NCrCHhWmnQklfH4MtJMRjZ2a8c80qXeMlQMv2uVp9ISJMTt562SbGd6n2oq0PaPgKm7Z6pL9E2UlLIhC+SHL3w==",
            "dev": true
        },
        "pngjs-nozlib": {
            "version": "1.0.0",
            "resolved": "https://registry.npmjs.org/pngjs-nozlib/-/pngjs-nozlib-1.0.0.tgz",
            "integrity": "sha1-nmTWAs/pzOTZ1Zl9BodCmnPwt9c=",
            "dev": true
        },
        "process-nextick-args": {
            "version": "1.0.7",
            "resolved": "https://registry.npmjs.org/process-nextick-args/-/process-nextick-args-1.0.7.tgz",
            "integrity": "sha1-FQ4gt1ZZCtP5EJPyWk8q2L/zC6M=",
            "dev": true
        },
        "psl": {
            "version": "1.8.0",
            "resolved": "https://registry.npmjs.org/psl/-/psl-1.8.0.tgz",
            "integrity": "sha512-RIdOzyoavK+hA18OGGWDqUTsCLhtA7IcZ/6NCs4fFJaHBDab+pDDmDIByWFRQJq2Cd7r1OoQxBGKOaztq+hjIQ==",
            "dev": true
        },
        "punycode": {
            "version": "2.1.1",
            "resolved": "https://registry.npmjs.org/punycode/-/punycode-2.1.1.tgz",
            "integrity": "sha512-XRsRjdf+j5ml+y/6GKHPZbrF/8p2Yga0JPtdqTIY2Xe5ohJPD9saDJJLPvp9+NSBprVvevdXZybnj2cv8OEd0A==",
            "dev": true
        },
        "qs": {
            "version": "6.5.2",
            "resolved": "https://registry.npmjs.org/qs/-/qs-6.5.2.tgz",
            "integrity": "sha512-N5ZAX4/LxJmF+7wN74pUD6qAh9/wnvdQcjq9TZjevvXzSUo7bfmw91saqMjzGS2xq91/odN2dW/WOl7qQHNDGA==",
            "dev": true
        },
        "readable-stream": {
            "version": "2.0.6",
            "resolved": "https://registry.npmjs.org/readable-stream/-/readable-stream-2.0.6.tgz",
            "integrity": "sha1-j5A0HmilPMySh4jaz80Rs265t44=",
            "dev": true,
            "requires": {
                "core-util-is": "~1.0.0",
                "inherits": "~2.0.1",
                "isarray": "~1.0.0",
                "process-nextick-args": "~1.0.6",
                "string_decoder": "~0.10.x",
                "util-deprecate": "~1.0.1"
            }
        },
        "replace-ext": {
            "version": "0.0.1",
            "resolved": "https://registry.npmjs.org/replace-ext/-/replace-ext-0.0.1.tgz",
            "integrity": "sha1-KbvZIHinOfC8zitO5B6DeVNSKSQ=",
            "dev": true
        },
        "request": {
            "version": "2.88.2",
            "resolved": "https://registry.npmjs.org/request/-/request-2.88.2.tgz",
            "integrity": "sha512-MsvtOrfG9ZcrOwAW+Qi+F6HbD0CWXEh9ou77uOb7FM2WPhwT7smM833PzanhJLsgXjN89Ir6V2PczXNnMpwKhw==",
            "dev": true,
            "requires": {
                "aws-sign2": "~0.7.0",
                "aws4": "^1.8.0",
                "caseless": "~0.12.0",
                "combined-stream": "~1.0.6",
                "extend": "~3.0.2",
                "forever-agent": "~0.6.1",
                "form-data": "~2.3.2",
                "har-validator": "~5.1.3",
                "http-signature": "~1.2.0",
                "is-typedarray": "~1.0.0",
                "isstream": "~0.1.2",
                "json-stringify-safe": "~5.0.1",
                "mime-types": "~2.1.19",
                "oauth-sign": "~0.9.0",
                "performance-now": "^2.1.0",
                "qs": "~6.5.2",
                "safe-buffer": "^5.1.2",
                "tough-cookie": "~2.5.0",
                "tunnel-agent": "^0.6.0",
                "uuid": "^3.3.2"
            }
        },
        "safe-buffer": {
            "version": "5.2.1",
            "resolved": "https://registry.npmjs.org/safe-buffer/-/safe-buffer-5.2.1.tgz",
            "integrity": "sha512-rp3So07KcdmmKbGvgaNxQSJr7bGVSVk5S9Eq1F+ppbRo70+YeaDxkw5Dd8NPN+GD6bjnYm2VuPuCXmpuYvmCXQ==",
            "dev": true
        },
        "safer-buffer": {
            "version": "2.1.2",
            "resolved": "https://registry.npmjs.org/safer-buffer/-/safer-buffer-2.1.2.tgz",
            "integrity": "sha512-YZo3K82SD7Riyi0E1EQPojLz7kpepnSQI9IyPbHHg1XXXevb5dJI7tpyN2ADxGcQbHG7vcyRHk0cbwqcQriUtg==",
            "dev": true
        },
        "save-pixels": {
            "version": "2.3.6",
            "resolved": "https://registry.npmjs.org/save-pixels/-/save-pixels-2.3.6.tgz",
            "integrity": "sha512-/ayfEWBxt0tFpf5lxSU1S0+/TBn7EiaTZD+6GL+mwizHm3BKCBysnzT6Js7BusDUVcNVLkeJJKLZcBgdpM2leQ==",
            "dev": true,
            "requires": {
                "contentstream": "^1.0.0",
                "gif-encoder": "~0.4.1",
                "jpeg-js": "^0.4.3",
                "ndarray": "^1.0.18",
                "ndarray-ops": "^1.2.2",
                "pngjs-nozlib": "^1.0.0",
                "through": "^2.3.4"
            }
        },
        "script-ext-html-webpack-plugin": {
            "version": "2.1.5",
            "resolved": "https://registry.npmjs.org/script-ext-html-webpack-plugin/-/script-ext-html-webpack-plugin-2.1.5.tgz",
            "integrity": "sha512-nMjd5dtsnoB8dS+pVM9ZL4mC9O1uVtTxrDS99OGZsZxFbkZE6pw0HCMued/cncDrKivIShO9vwoyOTvsGqQHEQ==",
            "dev": true,
            "requires": {
                "debug": "^4.2.0"
            }
        },
        "semver": {
            "version": "5.0.3",
            "resolved": "https://registry.npmjs.org/semver/-/semver-5.0.3.tgz",
            "integrity": "sha1-d0Zt5YnNXTyV8TiqeLxWmjy10no=",
            "dev": true
        },
        "source-map": {
            "version": "0.6.1",
            "resolved": "https://registry.npmjs.org/source-map/-/source-map-0.6.1.tgz",
            "integrity": "sha512-UjgapumWlbMhkBgzT7Ykc5YXUT46F0iKu8SGXq0bcwP5dz/h0Plj6enJqjz1Zbq2l5WaqYnrVbwWOWMyF3F47g==",
            "dev": true
        },
        "sprintf-js": {
            "version": "1.1.2",
            "resolved": "https://registry.npmjs.org/sprintf-js/-/sprintf-js-1.1.2.tgz",
            "integrity": "sha512-VE0SOVEHCk7Qc8ulkWw3ntAzXuqf7S2lvwQaDLRnUeIEaKNQJzV6BwmLKhOqT61aGhfUMrXeaBk+oDGCzvhcug==",
            "dev": true
        },
        "spritesheet-templates": {
            "version": "10.5.2",
            "resolved": "https://registry.npmjs.org/spritesheet-templates/-/spritesheet-templates-10.5.2.tgz",
            "integrity": "sha512-dMrLgS5eHCEDWqo1c3mDM5rGdJpBNf1JAJrxTKA4qR54trNTtxqGZlH3ZppS5FHTgjKgOtEmycqE2vGSkCYiVw==",
            "dev": true,
            "requires": {
                "handlebars": "^4.6.0",
                "handlebars-layouts": "^3.1.4",
                "json-content-demux": "~0.1.2",
                "underscore": "~1.13.1",
                "underscore.string": "~3.3.0"
            }
        },
        "spritesmith": {
            "version": "3.4.0",
            "resolved": "https://registry.npmjs.org/spritesmith/-/spritesmith-3.4.0.tgz",
            "integrity": "sha512-epa/Ib2GzkrzOA6ZMKH+YOX4ooBlRz8JwIV5NQDt9FvqXVHTh4dVn/0oA+n5eeu6wem1CCrtZWODlOqvwXXpyA==",
            "dev": true,
            "requires": {
                "concat-stream": "~1.5.1",
                "layout": "~2.2.0",
                "pixelsmith": "^2.3.0",
                "semver": "~5.0.3",
                "through2": "~2.0.0"
            }
        },
        "sshpk": {
            "version": "1.16.1",
            "resolved": "https://registry.npmjs.org/sshpk/-/sshpk-1.16.1.tgz",
            "integrity": "sha512-HXXqVUq7+pcKeLqqZj6mHFUMvXtOJt1uoUx09pFW6011inTMxqI8BA8PM95myrIyyKwdnzjdFjLiE6KBPVtJIg==",
            "dev": true,
            "requires": {
                "asn1": "~0.2.3",
                "assert-plus": "^1.0.0",
                "bcrypt-pbkdf": "^1.0.0",
                "dashdash": "^1.12.0",
                "ecc-jsbn": "~0.1.1",
                "getpass": "^0.1.1",
                "jsbn": "~0.1.0",
                "safer-buffer": "^2.0.2",
                "tweetnacl": "~0.14.0"
            }
        },
        "string_decoder": {
            "version": "0.10.31",
            "resolved": "https://registry.npmjs.org/string_decoder/-/string_decoder-0.10.31.tgz",
            "integrity": "sha1-YuIDvEF2bGwoyfyEMB2rHFMQ+pQ=",
            "dev": true
        },
        "strip-bom": {
            "version": "2.0.0",
            "resolved": "https://registry.npmjs.org/strip-bom/-/strip-bom-2.0.0.tgz",
            "integrity": "sha1-YhmoVhZSBJHzV4i9vxRHqZx+aw4=",
            "dev": true,
            "requires": {
                "is-utf8": "^0.2.0"
            }
        },
        "strip-bom-stream": {
            "version": "1.0.0",
            "resolved": "https://registry.npmjs.org/strip-bom-stream/-/strip-bom-stream-1.0.0.tgz",
            "integrity": "sha1-5xRDmFd9Uaa+0PoZlPoF9D/ZiO4=",
            "dev": true,
            "requires": {
                "first-chunk-stream": "^1.0.0",
                "strip-bom": "^2.0.0"
            }
        },
        "thenify": {
            "version": "3.3.1",
            "resolved": "https://registry.npmjs.org/thenify/-/thenify-3.3.1.tgz",
            "integrity": "sha512-RVZSIV5IG10Hk3enotrhvz0T9em6cyHBLkH/YAZuKqd8hRkKhSfCGIcP2KUY0EPxndzANBmNllzWPwak+bheSw==",
            "dev": true,
            "requires": {
                "any-promise": "^1.0.0"
            }
        },
        "thenify-all": {
            "version": "1.6.0",
            "resolved": "https://registry.npmjs.org/thenify-all/-/thenify-all-1.6.0.tgz",
            "integrity": "sha1-GhkY1ALY/D+Y+/I02wvMjMEOlyY=",
            "dev": true,
            "requires": {
                "thenify": ">= 3.1.0 < 4"
            }
        },
        "through": {
            "version": "2.3.8",
            "resolved": "https://registry.npmjs.org/through/-/through-2.3.8.tgz",
            "integrity": "sha1-DdTJ/6q8NXlgsbckEV1+Doai4fU=",
            "dev": true
        },
        "through2": {
            "version": "2.0.5",
            "resolved": "https://registry.npmjs.org/through2/-/through2-2.0.5.tgz",
            "integrity": "sha512-/mrRod8xqpA+IHSLyGCQ2s8SPHiCDEeQJSep1jqLYeEUClOFG2Qsh+4FU6G9VeqpZnGW/Su8LQGc4YKni5rYSQ==",
            "dev": true,
            "requires": {
                "readable-stream": "~2.3.6",
                "xtend": "~4.0.1"
            },
            "dependencies": {
                "process-nextick-args": {
                    "version": "2.0.1",
                    "resolved": "https://registry.npmjs.org/process-nextick-args/-/process-nextick-args-2.0.1.tgz",
                    "integrity": "sha512-3ouUOpQhtgrbOa17J7+uxOTpITYWaGP7/AhoR3+A+/1e9skrzelGi/dXzEYyvbxubEF6Wn2ypscTKiKJFFn1ag==",
                    "dev": true
                },
                "readable-stream": {
                    "version": "2.3.7",
                    "resolved": "https://registry.npmjs.org/readable-stream/-/readable-stream-2.3.7.tgz",
                    "integrity": "sha512-Ebho8K4jIbHAxnuxi7o42OrZgF/ZTNcsZj6nRKyUmkhLFq8CHItp/fy6hQZuZmP/n3yZ9VBUbp4zz/mX8hmYPw==",
                    "dev": true,
                    "requires": {
                        "core-util-is": "~1.0.0",
                        "inherits": "~2.0.3",
                        "isarray": "~1.0.0",
                        "process-nextick-args": "~2.0.0",
                        "safe-buffer": "~5.1.1",
                        "string_decoder": "~1.1.1",
                        "util-deprecate": "~1.0.1"
                    }
                },
                "safe-buffer": {
                    "version": "5.1.2",
                    "resolved": "https://registry.npmjs.org/safe-buffer/-/safe-buffer-5.1.2.tgz",
                    "integrity": "sha512-Gd2UZBJDkXlY7GbJxfsE8/nvKkUEU1G38c1siN6QP6a9PT9MmHB8GnpscSmMJSoF8LOIrt8ud/wPtojys4G6+g==",
                    "dev": true
                },
                "string_decoder": {
                    "version": "1.1.1",
                    "resolved": "https://registry.npmjs.org/string_decoder/-/string_decoder-1.1.1.tgz",
                    "integrity": "sha512-n/ShnvDi6FHbbVfviro+WojiFzv+s8MPMHBczVePfUpDJLwoLT0ht1l4YwBCbi8pJAveEEdnkHyPyTP/mzRfwg==",
                    "dev": true,
                    "requires": {
                        "safe-buffer": "~5.1.0"
                    }
                }
            }
        },
        "tough-cookie": {
            "version": "2.5.0",
            "resolved": "https://registry.npmjs.org/tough-cookie/-/tough-cookie-2.5.0.tgz",
            "integrity": "sha512-nlLsUzgm1kfLXSXfRZMc1KLAugd4hqJHDTvc2hDIwS3mZAfMEuMbc03SujMF+GEcpaX/qboeycw6iO8JwVv2+g==",
            "dev": true,
            "requires": {
                "psl": "^1.1.28",
                "punycode": "^2.1.1"
            }
        },
        "tunnel-agent": {
            "version": "0.6.0",
            "resolved": "https://registry.npmjs.org/tunnel-agent/-/tunnel-agent-0.6.0.tgz",
            "integrity": "sha1-J6XeoGs2sEoKmWZ3SykIaPD8QP0=",
            "dev": true,
            "requires": {
                "safe-buffer": "^5.0.1"
            }
        },
        "tweetnacl": {
            "version": "0.14.5",
            "resolved": "https://registry.npmjs.org/tweetnacl/-/tweetnacl-0.14.5.tgz",
            "integrity": "sha1-WuaBd/GS1EViadEIr6k/+HQ/T2Q=",
            "dev": true
        },
        "typedarray": {
            "version": "0.0.6",
            "resolved": "https://registry.npmjs.org/typedarray/-/typedarray-0.0.6.tgz",
            "integrity": "sha1-hnrHTjhkGHsdPUfZlqeOxciDB3c=",
            "dev": true
        },
        "uglify-js": {
            "version": "3.14.5",
            "resolved": "https://registry.npmjs.org/uglify-js/-/uglify-js-3.14.5.tgz",
            "integrity": "sha512-qZukoSxOG0urUTvjc2ERMTcAy+BiFh3weWAkeurLwjrCba73poHmG3E36XEjd/JGukMzwTL7uCxZiAexj8ppvQ==",
            "dev": true,
            "optional": true
        },
        "underscore": {
            "version": "1.13.2",
            "resolved": "https://registry.npmjs.org/underscore/-/underscore-1.13.2.tgz",
            "integrity": "sha512-ekY1NhRzq0B08g4bGuX4wd2jZx5GnKz6mKSqFL4nqBlfyMGiG10gDFhDTMEfYmDL6Jy0FUIZp7wiRB+0BP7J2g==",
            "dev": true
        },
        "underscore.string": {
            "version": "3.3.5",
            "resolved": "https://registry.npmjs.org/underscore.string/-/underscore.string-3.3.5.tgz",
            "integrity": "sha512-g+dpmgn+XBneLmXXo+sGlW5xQEt4ErkS3mgeN2GFbremYeMBSJKr9Wf2KJplQVaiPY/f7FN6atosWYNm9ovrYg==",
            "dev": true,
            "requires": {
                "sprintf-js": "^1.0.3",
                "util-deprecate": "^1.0.2"
            }
        },
        "uniq": {
            "version": "1.0.1",
            "resolved": "https://registry.npmjs.org/uniq/-/uniq-1.0.1.tgz",
            "integrity": "sha1-sxxa6CVIRKOoKBVBzisEuGWnNP8=",
            "dev": true
        },
        "uri-js": {
            "version": "4.4.1",
            "resolved": "https://registry.npmjs.org/uri-js/-/uri-js-4.4.1.tgz",
            "integrity": "sha512-7rKUyy33Q1yc98pQ1DAmLtwX109F7TIfWlW1Ydo8Wl1ii1SeHieeh0HHfPeL2fMXK6z0s8ecKs9frCuLJvndBg==",
            "dev": true,
            "requires": {
                "punycode": "^2.1.0"
            }
        },
        "util-deprecate": {
            "version": "1.0.2",
            "resolved": "https://registry.npmjs.org/util-deprecate/-/util-deprecate-1.0.2.tgz",
            "integrity": "sha1-RQ1Nyfpw3nMnYvvS1KKJgUGaDM8=",
            "dev": true
        },
        "uuid": {
            "version": "3.4.0",
            "resolved": "https://registry.npmjs.org/uuid/-/uuid-3.4.0.tgz",
            "integrity": "sha512-HjSDRw6gZE5JMggctHBcjVak08+KEVhSIiDzFnT9S9aegmp85S/bReBVTb4QTFaRNptJ9kuYaNhnbNEOkbKb/A==",
            "dev": true
        },
        "verror": {
            "version": "1.10.0",
            "resolved": "https://registry.npmjs.org/verror/-/verror-1.10.0.tgz",
            "integrity": "sha1-OhBcoXBTr1XW4nDB+CiGguGNpAA=",
            "dev": true,
            "requires": {
                "assert-plus": "^1.0.0",
                "core-util-is": "1.0.2",
                "extsprintf": "^1.2.0"
            },
            "dependencies": {
                "core-util-is": {
                    "version": "1.0.2",
                    "resolved": "https://registry.npmjs.org/core-util-is/-/core-util-is-1.0.2.tgz",
                    "integrity": "sha1-tf1UIgqivFq1eqtxQMlAdUUDwac=",
                    "dev": true
                }
            }
        },
        "vinyl": {
            "version": "1.2.0",
            "resolved": "https://registry.npmjs.org/vinyl/-/vinyl-1.2.0.tgz",
            "integrity": "sha1-XIgDbPVl5d8FVYv8kR+GVt8hiIQ=",
            "dev": true,
            "requires": {
                "clone": "^1.0.0",
                "clone-stats": "^0.0.1",
                "replace-ext": "0.0.1"
            }
        },
        "vinyl-file": {
            "version": "1.3.0",
            "resolved": "https://registry.npmjs.org/vinyl-file/-/vinyl-file-1.3.0.tgz",
            "integrity": "sha1-qgVjTTqGe6kUR77bs0r8sm9E9uc=",
            "dev": true,
            "requires": {
                "graceful-fs": "^4.1.2",
                "strip-bom": "^2.0.0",
                "strip-bom-stream": "^1.0.0",
                "vinyl": "^1.1.0"
            }
        },
        "webpack-spritesmith": {
            "version": "1.1.0",
            "resolved": "https://registry.npmjs.org/webpack-spritesmith/-/webpack-spritesmith-1.1.0.tgz",
            "integrity": "sha512-VEuk3VbZA3FXKFwEVwnxLlosqEkvwJx3kh0P2MRb7vSR8T24dhas3bicH42/wg1FyrUMWoUgcG1NuDfm4vITYQ==",
            "dev": true,
            "requires": {
                "gaze": "^1.1.3",
                "loader-utils": "^1.2.3",
                "lodash": "^4.17.15",
                "mkdirp": "^0.5.1",
                "mz": "^2.7.0",
                "spritesheet-templates": "^10.4.2",
                "spritesmith": "^3.4.0"
            }
        },
        "wordwrap": {
            "version": "1.0.0",
            "resolved": "https://registry.npmjs.org/wordwrap/-/wordwrap-1.0.0.tgz",
            "integrity": "sha1-J1hIEIkUVqQXHI0CJkQa3pDLyus=",
            "dev": true
        },
        "wrappy": {
            "version": "1.0.2",
            "resolved": "https://registry.npmjs.org/wrappy/-/wrappy-1.0.2.tgz",
            "integrity": "sha1-tSQ9jz7BqjXxNkYFvA0QNuMKtp8=",
            "dev": true
        },
        "xtend": {
            "version": "4.0.2",
            "resolved": "https://registry.npmjs.org/xtend/-/xtend-4.0.2.tgz",
            "integrity": "sha512-LKYU1iAXJXUgAXn9URjiu+MWhyUXHsvfp7mcuYm9dSUKK0/CjtrUwFAxD82/mCWbtLsGjFIad0wIsod4zrTAEQ==",
            "dev": true
        }
    }
}
